
Microsoft Visual Studio Solution File, Format Version 12.00
# Visual Studio Version 16
VisualStudioVersion = 16.0.32126.315
MinimumVisualStudioVersion = 10.0.40219.1
Project("{2150E333-8FDC-42A3-9474-1A3956D46DE8}") = "01-Exercicio", "01-Exercicio", "{827E4174-7520-4C8D-84BB-676401C32B0D}"
EndProject
Project("{9A19103F-16F7-4668-BE54-9A1E7A4F7556}") = "Exercicio.01", "Exercicio.01\Exercicio.01.csproj", "{49C400D5-4841-4661-B4A0-D22A0DA174D3}"
EndProject
Project("{2150E333-8FDC-42A3-9474-1A3956D46DE8}") = "02-Exercicio", "02-Exercicio", "{F16D4E88-BA20-4970-85C4-152C8F977753}"
EndProject
Project("{9A19103F-16F7-4668-BE54-9A1E7A4F7556}") = "Exercicio.02", "Exercicio.02\Exercicio.02.csproj", "{D097E779-6BC0-480C-8DBD-D771BC83B867}"
EndProject
Project("{2150E333-8FDC-42A3-9474-1A3956D46DE8}") = "03-Exercicio", "03-Exercicio", "{5AD5F2F1-2004-4681-9DF6-26D793960A51}"
EndProject
Project("{FAE04EC0-301F-11D3-BF4B-00C04F79EFBC}") = "Exercicio.03", "Exercicio.03\Exercicio.03.csproj", "{D236AC02-3AA1-4142-ACFA-02749B3538B4}"
EndProject
Project("{2150E333-8FDC-42A3-9474-1A3956D46DE8}") = "04-Exercicio", "04-Exercicio", "{621B4F4E-AB2C-4E71-BDCF-D0FBC5D30C5A}"
EndProject
Project("{FAE04EC0-301F-11D3-BF4B-00C04F79EFBC}") = "Exercicio.04", "Exercicio.04\Exercicio.04.csproj", "{D311E1DB-F8A5-4A41-BB42-86B0EDDABBB7}"
EndProject
Project("{2150E333-8FDC-42A3-9474-1A3956D46DE8}") = "05-Exercicio", "05-Exercicio", "{808E29F2-2090-4A00-8883-9C3879C43B2D}"
EndProject
Project("{FAE04EC0-301F-11D3-BF4B-00C04F79EFBC}") = "Exercicio.05", "Exercicio.05\Exercicio.05.csproj", "{562F664A-CB3B-4CFC-B62D-A276CC4DD5C7}"
EndProject
Global
	GlobalSection(SolutionConfigurationPlatforms) = preSolution
		Debug|Any CPU = Debug|Any CPU
		Release|Any CPU = Release|Any CPU
	EndGlobalSection
	GlobalSection(ProjectConfigurationPlatforms) = postSolution
		{49C400D5-4841-4661-B4A0-D22A0DA174D3}.Debug|Any CPU.ActiveCfg = Debug|Any CPU
		{49C400D5-4841-4661-B4A0-D22A0DA174D3}.Debug|Any CPU.Build.0 = Debug|Any CPU
		{49C400D5-4841-4661-B4A0-D22A0DA174D3}.Release|Any CPU.ActiveCfg = Release|Any CPU
		{49C400D5-4841-4661-B4A0-D22A0DA174D3}.Release|Any CPU.Build.0 = Release|Any CPU
		{D097E779-6BC0-480C-8DBD-D771BC83B867}.Debug|Any CPU.ActiveCfg = Debug|Any CPU
		{D097E779-6BC0-480C-8DBD-D771BC83B867}.Debug|Any CPU.Build.0 = Debug|Any CPU
		{D097E779-6BC0-480C-8DBD-D771BC83B867}.Release|Any CPU.ActiveCfg = Release|Any CPU
		{D097E779-6BC0-480C-8DBD-D771BC83B867}.Release|Any CPU.Build.0 = Release|Any CPU
		{D236AC02-3AA1-4142-ACFA-02749B3538B4}.Debug|Any CPU.ActiveCfg = Debug|Any CPU
		{D236AC02-3AA1-4142-ACFA-02749B3538B4}.Debug|Any CPU.Build.0 = Debug|Any CPU
		{D236AC02-3AA1-4142-ACFA-02749B3538B4}.Release|Any CPU.ActiveCfg = Release|Any CPU
		{D236AC02-3AA1-4142-ACFA-02749B3538B4}.Release|Any CPU.Build.0 = Release|Any CPU
		{D311E1DB-F8A5-4A41-BB42-86B0EDDABBB7}.Debug|Any CPU.ActiveCfg = Debug|Any CPU
		{D311E1DB-F8A5-4A41-BB42-86B0EDDABBB7}.Debug|Any CPU.Build.0 = Debug|Any CPU
		{D311E1DB-F8A5-4A41-BB42-86B0EDDABBB7}.Release|Any CPU.ActiveCfg = Release|Any CPU
		{D311E1DB-F8A5-4A41-BB42-86B0EDDABBB7}.Release|Any CPU.Build.0 = Release|Any CPU
		{562F664A-CB3B-4CFC-B62D-A276CC4DD5C7}.Debug|Any CPU.ActiveCfg = Debug|Any CPU
		{562F664A-CB3B-4CFC-B62D-A276CC4DD5C7}.Debug|Any CPU.Build.0 = Debug|Any CPU
		{562F664A-CB3B-4CFC-B62D-A276CC4DD5C7}.Release|Any CPU.ActiveCfg = Release|Any CPU
		{562F664A-CB3B-4CFC-B62D-A276CC4DD5C7}.Release|Any CPU.Build.0 = Release|Any CPU
	EndGlobalSection
	GlobalSection(SolutionProperties) = preSolution
		HideSolutionNode = FALSE
	EndGlobalSection
	GlobalSection(NestedProjects) = preSolution
		{49C400D5-4841-4661-B4A0-D22A0DA174D3} = {827E4174-7520-4C8D-84BB-676401C32B0D}
		{D097E779-6BC0-480C-8DBD-D771BC83B867} = {F16D4E88-BA20-4970-85C4-152C8F977753}
		{D236AC02-3AA1-4142-ACFA-02749B3538B4} = {5AD5F2F1-2004-4681-9DF6-26D793960A51}
		{D311E1DB-F8A5-4A41-BB42-86B0EDDABBB7} = {621B4F4E-AB2C-4E71-BDCF-D0FBC5D30C5A}
		{562F664A-CB3B-4CFC-B62D-A276CC4DD5C7} = {808E29F2-2090-4A00-8883-9C3879C43B2D}
	EndGlobalSection
	GlobalSection(ExtensibilityGlobals) = postSolution
		SolutionGuid = {6CCCABC1-8E2D-4D46-A6FC-FB7205C4852E}
	EndGlobalSection
EndGlobal
